{
    "_meta": {
        "hash": {
            "sha256": "07f86653f68c51a1a7c94b41c4c36d89400876724cdf7f1e57feec4e68516571"
        },
        "pipfile-spec": 6,
        "requires": {
            "python_version": "3.9"
        },
        "sources": [
            {
                "name": "pypi",
                "url": "https://pypi.org/simple",
                "verify_ssl": true
            }
        ]
    },
    "default": {
        "betterproto": {
            "hashes": [
                "sha256:74a3ab34646054f674d236d1229ba8182dc2eae86feb249b8590ef496ce9803d"
            ],
            "markers": "python_version >= '3.6'",
            "version": "==1.2.5"
        },
        "boto3": {
            "hashes": [
                "sha256:4dc0df36c3465ff0d586017da68b0152123695f38f30ad98fed7185e59298d2c",
                "sha256:de4fa49ca1cbc93313144e93e6d0997cbb61c8cca91f3418b4e3646dc215f441"
            ],
            "index": "pypi",
            "version": "==1.22.7"
        },
        "botocore": {
            "hashes": [
                "sha256:79b7773b48c9c59acd42ceba0a05b27ab9e326e9ed9b0ca35f41ad8abad61808",
                "sha256:d99381bda4eed5896b74f6250132e2e6484c2d6e406b1def862113ffdb41c523"
            ],
            "markers": "python_version >= '3.6'",
            "version": "==1.25.13"
        },
        "certifi": {
            "hashes": [
                "sha256:35824b4c3a97115964b408844d64aa14db1cc518f6562e8d7261699d1350a9e3",
                "sha256:4ad3232f5e926d6718ec31cfc1fcadfde020920e278684144551c91769c7bc18"
            ],
            "index": "pypi",
            "version": "==2022.12.7"
        },
        "charset-normalizer": {
            "hashes": [
                "sha256:2857e29ff0d34db842cd7ca3230549d1a697f96ee6d3fb071cfa6c7393832597",
                "sha256:6881edbebdb17b39b4eaaa821b438bf6eddffb4468cf344f09f89def34a8b1df"
            ],
            "markers": "python_version >= '3'",
            "version": "==2.0.12"
        },
        "filelock": {
            "hashes": [
                "sha256:7565f628ea56bfcd8e54e42bdc55da899c85c1abfe1b5bcfd147e9188cebb3b2",
                "sha256:8df285554452285f79c035efb0c861eb33a4bcfa5b7a137016e32e6a90f9792c"
            ],
            "markers": "python_version >= '3.7'",
            "version": "==3.8.2"
        },
        "grpclib": {
            "hashes": [
                "sha256:eadf2002fc5a25158b707c0338a6c0b96dd7fbdc6df66f7e515e7f041d56a940"
            ],
            "markers": "python_version >= '3.7'",
            "version": "==0.4.3"
        },
        "h2": {
            "hashes": [
                "sha256:03a46bcf682256c95b5fd9e9a99c1323584c3eec6440d379b9903d709476bc6d",
                "sha256:a83aca08fbe7aacb79fec788c9c0bac936343560ed9ec18b82a13a12c28d2abb"
            ],
            "markers": "python_full_version >= '3.6.1'",
            "version": "==4.1.0"
        },
        "hpack": {
            "hashes": [
                "sha256:84a076fad3dc9a9f8063ccb8041ef100867b1878b25ef0ee63847a5d53818a6c",
                "sha256:fc41de0c63e687ebffde81187a948221294896f6bdc0ae2312708df339430095"
            ],
            "markers": "python_full_version >= '3.6.1'",
            "version": "==4.0.0"
        },
        "hyperframe": {
            "hashes": [
                "sha256:0ec6bafd80d8ad2195c4f03aacba3a8265e57bc4cff261e802bf39970ed02a15",
                "sha256:ae510046231dc8e9ecb1a6586f63d2347bf4c8905914aa84ba585ae85f28a914"
            ],
            "markers": "python_full_version >= '3.6.1'",
            "version": "==6.0.1"
        },
        "idna": {
            "hashes": [
                "sha256:814f528e8dead7d329833b91c5faa87d60bf71824cd12a7530b5526063d02cb4",
                "sha256:90b77e79eaa3eba6de819a0c442c0b4ceefc341a7a2ab77d7562bf49f425c5c2"
            ],
            "markers": "python_version >= '3.5'",
            "version": "==3.4"
        },
        "jmespath": {
            "hashes": [
                "sha256:02e2e4cc71b5bcab88332eebf907519190dd9e6e82107fa7f83b1003a6252980",
                "sha256:90261b206d6defd58fdd5e85f478bf633a2901798906be2ad389150c5c60edbe"
            ],
            "markers": "python_version >= '3.7'",
            "version": "==1.0.1"
        },
        "multidict": {
            "hashes": [
                "sha256:018c8e3be7f161a12b3e41741b6721f9baeb2210f4ab25a6359b7d76c1017dce",
                "sha256:01b456046a05ff7cceefb0e1d2a9d32f05efcb1c7e0d152446304e11557639ce",
                "sha256:114a4ab3e5cfbc56c4b6697686ecb92376c7e8c56893ef20547921552f8bdf57",
                "sha256:12e0d396faa6dc55ff5379eee54d1df3b508243ff15bfc8295a6ec7a4483a335",
                "sha256:190626ced82d4cc567a09e7346340d380154a493bac6905e0095d8158cdf1e38",
                "sha256:1f5d5129a937af4e3c4a1d6c139f4051b7d17d43276cefdd8d442a7031f7eef2",
                "sha256:21e1ce0b187c4e93112304dcde2aa18922fdbe8fb4f13d8aa72a5657bce0563a",
                "sha256:24e8d513bfcaadc1f8b0ebece3ff50961951c54b07d5a775008a882966102418",
                "sha256:2523a29006c034687eccd3ee70093a697129a3ffe8732535d3b2df6a4ecc279d",
                "sha256:26fbbe17f8a7211b623502d2bf41022a51da3025142401417c765bf9a56fed4c",
                "sha256:2b66d61966b12e6bba500e5cbb2c721a35e119c30ee02495c5629bd0e91eea30",
                "sha256:2cf5d19e12eff855aa198259c0b02fd3f5d07e1291fbd20279c37b3b0e6c9852",
                "sha256:2cfda34b7cb99eacada2072e0f69c0ad3285cb6f8e480b11f2b6d6c1c6f92718",
                "sha256:3541882266247c7cd3dba78d6ef28dbe704774df60c9e4231edaa4493522e614",
                "sha256:36df958b15639e40472adaa4f0c2c7828fe680f894a6b48c4ce229f59a6a798b",
                "sha256:38d394814b39be1c36ac709006d39d50d72a884f9551acd9c8cc1ffae3fc8c4e",
                "sha256:4159fc1ec9ede8ab93382e0d6ba9b1b3d23c72da39a834db7a116986605c7ab4",
                "sha256:445c0851a1cbc1f2ec3b40bc22f9c4a235edb3c9a0906122a9df6ea8d51f886c",
                "sha256:47defc0218682281a52fb1f6346ebb8b68b17538163a89ea24dfe4da37a8a9a3",
                "sha256:4cc5c8cd205a9810d16a5cd428cd81bac554ad1477cb87f4ad722b10992e794d",
                "sha256:4ccf55f28066b4f08666764a957c2b7c241c7547b0921d69c7ceab5f74fe1a45",
                "sha256:4fb3fe591956d8841882c463f934c9f7485cfd5f763a08c0d467b513dc18ef89",
                "sha256:526f8397fc124674b8f39748680a0ff673bd6a715fecb4866716d36e380f015f",
                "sha256:578bfcb16f4b8675ef71b960c00f174b0426e0eeb796bab6737389d8288eb827",
                "sha256:5b51969503709415a35754954c2763f536a70b8bf7360322b2edb0c0a44391f6",
                "sha256:5e58ec0375803526d395f6f7e730ecc45d06e15f68f7b9cdbf644a2918324e51",
                "sha256:62db44727d0befea68e8ad2881bb87a9cfb6b87d45dd78609009627167f37b69",
                "sha256:67090b17a0a5be5704fd109f231ee73cefb1b3802d41288d6378b5df46ae89ba",
                "sha256:6cd14e61f0da2a2cfb9fe05bfced2a1ed7063ce46a7a8cd473be4973de9a7f91",
                "sha256:70740c2bc9ab1c99f7cdcb104f27d16c63860c56d51c5bf0ef82fc1d892a2131",
                "sha256:73009ea04205966d47e16d98686ac5c438af23a1bb30b48a2c5da3423ec9ce37",
                "sha256:791458a1f7d1b4ab3bd9e93e0dcd1d59ef7ee9aa051dcd1ea030e62e49b923fd",
                "sha256:7f9511e48bde6b995825e8d35e434fc96296cf07a25f4aae24ff9162be7eaa46",
                "sha256:81c3d597591b0940e04949e4e4f79359b2d2e542a686ba0da5e25de33fec13e0",
                "sha256:8230a39bae6c2e8a09e4da6bace5064693b00590a4a213e38f9a9366da10e7dd",
                "sha256:8b92a9f3ab904397a33b193000dc4de7318ea175c4c460a1e154c415f9008e3d",
                "sha256:94cbe5535ef150546b8321aebea22862a3284da51e7b55f6f95b7d73e96d90ee",
                "sha256:960ce1b790952916e682093788696ef7e33ac6a97482f9b983abdc293091b531",
                "sha256:99341ca1f1db9e7f47914cb2461305665a662383765ced6f843712564766956d",
                "sha256:9aac6881454a750554ed4b280a839dcf9e2133a9d12ab4d417d673fb102289b7",
                "sha256:9d359b0a962e052b713647ac1f13eabf2263167b149ed1e27d5c579f5c8c7d2c",
                "sha256:9dbab2a7e9c073bc9538824a01f5ed689194db7f55f2b8102766873e906a6c1a",
                "sha256:a27b029caa3b555a4f3da54bc1e718eb55fcf1a11fda8bf0132147b476cf4c08",
                "sha256:a8b817d4ed68fd568ec5e45dd75ddf30cc72a47a6b41b74d5bb211374c296f5e",
                "sha256:ad7d66422b9cc51125509229693d27e18c08f2dea3ac9de408d821932b1b3759",
                "sha256:b46e79a9f4db53897d17bc64a39d1c7c2be3e3d4f8dba6d6730a2b13ddf0f986",
                "sha256:baa96a3418e27d723064854143b2f414a422c84cc87285a71558722049bebc5a",
                "sha256:beeca903e4270b4afcd114f371a9602240dc143f9e944edfea00f8d4ad56c40d",
                "sha256:c2a1168e5aa7c72499fb03c850e0f03f624fa4a5c8d2e215c518d0a73872eb64",
                "sha256:c5790cc603456b6dcf8a9a4765f666895a6afddc88b3d3ba7b53dea2b6e23116",
                "sha256:cb4a08f0aaaa869f189ffea0e17b86ad0237b51116d494da15ef7991ee6ad2d7",
                "sha256:cd5771e8ea325f85cbb361ddbdeb9ae424a68e5dfb6eea786afdcd22e68a7d5d",
                "sha256:ce8e51774eb03844588d3c279adb94efcd0edeccd2f97516623292445bcc01f9",
                "sha256:d09daf5c6ce7fc6ed444c9339bbde5ea84e2534d1ca1cd37b60f365c77f00dea",
                "sha256:d0e798b072cf2aab9daceb43d97c9c527a0c7593e67a7846ad4cc6051de1e303",
                "sha256:d325d61cac602976a5d47b19eaa7d04e3daf4efce2164c630219885087234102",
                "sha256:d408172519049e36fb6d29672f060dc8461fc7174eba9883c7026041ef9bfb38",
                "sha256:d52442e7c951e4c9ee591d6047706e66923d248d83958bbf99b8b19515fffaef",
                "sha256:dc4cfef5d899f5f1a15f3d2ac49f71107a01a5a2745b4dd53fa0cede1419385a",
                "sha256:df7b4cee3ff31b3335aba602f8d70dbc641e5b7164b1e9565570c9d3c536a438",
                "sha256:e068dfeadbce63072b2d8096486713d04db4946aad0a0f849bd4fc300799d0d3",
                "sha256:e07c24018986fb00d6e7eafca8fcd6e05095649e17fcf0e33a592caaa62a78b9",
                "sha256:e0bce9f7c30e7e3a9e683f670314c0144e8d34be6b7019e40604763bd278d84f",
                "sha256:e1925f78a543b94c3d46274c66a366fee8a263747060220ed0188e5f3eeea1c0",
                "sha256:e322c94596054352f5a02771eec71563c018b15699b961aba14d6dd943367022",
                "sha256:e4a095e18847c12ec20e55326ab8782d9c2d599400a3a2f174fab4796875d0e2",
                "sha256:e5a811aab1b4aea0b4be669363c19847a8c547510f0e18fb632956369fdbdf67",
                "sha256:eddf604a3de2ace3d9a4e4d491be7562a1ac095a0a1c95a9ec5781ef0273ef11",
                "sha256:ee9b1cae9a6c5d023e5a150f6f6b9dbb3c3bbc7887d6ee07d4c0ecb49a473734",
                "sha256:f1650ea41c408755da5eed52ac6ccbc8938ccc3e698d81e6f6a1be02ff2a0945",
                "sha256:f2c0957b3e8c66c10d27272709a5299ab3670a0f187c9428f3b90d267119aedb",
                "sha256:f76109387e1ec8d8e2137c94c437b89fe002f29e0881aae8ae45529bdff92000",
                "sha256:f8a728511c977df6f3d8af388fcb157e49f11db4a6637dd60131b8b6e40b0253",
                "sha256:fb6c3dc3d65014d2c782f5acf0b3ba14e639c6c33d3ed8932ead76b9080b3544"
            ],
            "markers": "python_version >= '3.7'",
            "version": "==6.0.3"
        },
        "pillow": {
            "hashes": [
                "sha256:01ce45deec9df310cbbee11104bae1a2a43308dd9c317f99235b6d3080ddd66e",
                "sha256:0c51cb9edac8a5abd069fd0758ac0a8bfe52c261ee0e330f363548aca6893595",
                "sha256:17869489de2fce6c36690a0c721bd3db176194af5f39249c1ac56d0bb0fcc512",
                "sha256:21dee8466b42912335151d24c1665fcf44dc2ee47e021d233a40c3ca5adae59c",
                "sha256:25023a6209a4d7c42154073144608c9a71d3512b648a2f5d4465182cb93d3477",
                "sha256:255c9d69754a4c90b0ee484967fc8818c7ff8311c6dddcc43a4340e10cd1636a",
                "sha256:35be4a9f65441d9982240e6966c1eaa1c654c4e5e931eaf580130409e31804d4",
                "sha256:3f42364485bfdab19c1373b5cd62f7c5ab7cc052e19644862ec8f15bb8af289e",
                "sha256:3fddcdb619ba04491e8f771636583a7cc5a5051cd193ff1aa1ee8616d2a692c5",
                "sha256:463acf531f5d0925ca55904fa668bb3461c3ef6bc779e1d6d8a488092bdee378",
                "sha256:4fe29a070de394e449fd88ebe1624d1e2d7ddeed4c12e0b31624561b58948d9a",
                "sha256:55dd1cf09a1fd7c7b78425967aacae9b0d70125f7d3ab973fadc7b5abc3de652",
                "sha256:5a3ecc026ea0e14d0ad7cd990ea7f48bfcb3eb4271034657dc9d06933c6629a7",
                "sha256:5cfca31ab4c13552a0f354c87fbd7f162a4fafd25e6b521bba93a57fe6a3700a",
                "sha256:66822d01e82506a19407d1afc104c3fcea3b81d5eb11485e593ad6b8492f995a",
                "sha256:69e5ddc609230d4408277af135c5b5c8fe7a54b2bdb8ad7c5100b86b3aab04c6",
                "sha256:6b6d4050b208c8ff886fd3db6690bf04f9a48749d78b41b7a5bf24c236ab0165",
                "sha256:7a053bd4d65a3294b153bdd7724dce864a1d548416a5ef61f6d03bf149205160",
                "sha256:82283af99c1c3a5ba1da44c67296d5aad19f11c535b551a5ae55328a317ce331",
                "sha256:8782189c796eff29dbb37dd87afa4ad4d40fc90b2742704f94812851b725964b",
                "sha256:8d79c6f468215d1a8415aa53d9868a6b40c4682165b8cb62a221b1baa47db458",
                "sha256:97bda660702a856c2c9e12ec26fc6d187631ddfd896ff685814ab21ef0597033",
                "sha256:a325ac71914c5c043fa50441b36606e64a10cd262de12f7a179620f579752ff8",
                "sha256:a336a4f74baf67e26f3acc4d61c913e378e931817cd1e2ef4dfb79d3e051b481",
                "sha256:a598d8830f6ef5501002ae85c7dbfcd9c27cc4efc02a1989369303ba85573e58",
                "sha256:a5eaf3b42df2bcda61c53a742ee2c6e63f777d0e085bbc6b2ab7ed57deb13db7",
                "sha256:aea7ce61328e15943d7b9eaca87e81f7c62ff90f669116f857262e9da4057ba3",
                "sha256:af79d3fde1fc2e33561166d62e3b63f0cc3e47b5a3a2e5fea40d4917754734ea",
                "sha256:c24f718f9dd73bb2b31a6201e6db5ea4a61fdd1d1c200f43ee585fc6dcd21b34",
                "sha256:c5b0ff59785d93b3437c3703e3c64c178aabada51dea2a7f2c5eccf1bcf565a3",
                "sha256:c7110ec1701b0bf8df569a7592a196c9d07c764a0a74f65471ea56816f10e2c8",
                "sha256:c870193cce4b76713a2b29be5d8327c8ccbe0d4a49bc22968aa1e680930f5581",
                "sha256:c9efef876c21788366ea1f50ecb39d5d6f65febe25ad1d4c0b8dff98843ac244",
                "sha256:de344bcf6e2463bb25179d74d6e7989e375f906bcec8cb86edb8b12acbc7dfef",
                "sha256:eb1b89b11256b5b6cad5e7593f9061ac4624f7651f7a8eb4dfa37caa1dfaa4d0",
                "sha256:ed742214068efa95e9844c2d9129e209ed63f61baa4d54dbf4cf8b5e2d30ccf2",
                "sha256:f401ed2bbb155e1ade150ccc63db1a4f6c1909d3d378f7d1235a44e90d75fb97",
                "sha256:fb89397013cf302f282f0fc998bb7abf11d49dcff72c8ecb320f76ea6e2c5717"
            ],
            "index": "pypi",
            "version": "==9.1.0"
        },
        "platformdirs": {
            "hashes": [
                "sha256:1a89a12377800c81983db6be069ec068eee989748799b946cce2a6e80dcc54ca",
                "sha256:b46ffafa316e6b83b47489d240ce17173f123a9b9c83282141c3daf26ad9ac2e"
            ],
            "markers": "python_version >= '3.7'",
            "version": "==2.6.0"
        },
        "python-dateutil": {
            "hashes": [
                "sha256:0123cacc1627ae19ddf3c27a5de5bd67ee4586fbdd6440d9748f8abb483d3e86",
                "sha256:961d03dc3453ebbc59dbdea9e4e11c5651520a876d0f4db161e8674aae935da9"
            ],
            "markers": "python_version >= '2.7' and python_version not in '3.0, 3.1, 3.2, 3.3'",
            "version": "==2.8.2"
        },
        "python-seabird": {
            "hashes": [
                "sha256:15edd2ba3a23fdd3f4b112eacd62de56ae9c853a8a5ee4749ab12e3e99c703fa",
                "sha256:7b892264a69eb902bfbbaec2402190a7e085b385e59b85796ec22dfce792fc66"
            ],
            "index": "pypi",
            "version": "==0.1.1"
        },
        "requests": {
            "hashes": [
                "sha256:68d7c56fd5a8999887728ef304a6d12edc7be74f1cfa47714fc8b414525c9a61",
                "sha256:f22fa1e554c9ddfd16e6e41ac79759e17be9e492b3587efa038054674760e72d"
            ],
            "index": "pypi",
            "version": "==2.27.1"
        },
        "s3transfer": {
            "hashes": [
                "sha256:7a6f4c4d1fdb9a2b640244008e142cbc2cd3ae34b386584ef044dd0f27101971",
                "sha256:95c58c194ce657a5f4fb0b9e60a84968c808888aed628cd98ab8771fe1db98ed"
            ],
            "markers": "python_version >= '3.6'",
            "version": "==0.5.2"
        },
        "six": {
            "hashes": [
                "sha256:1e61c37477a1626458e36f7b1d82aa5c9b094fa4802892072e49de9c60c4c926",
                "sha256:8abb2f1d86890a2dfb989f9a77cfcfd3e47c2a354b01111771326f8aa26e0254"
            ],
            "markers": "python_version >= '2.7' and python_version not in '3.0, 3.1, 3.2, 3.3'",
            "version": "==1.16.0"
        },
        "stringcase": {
            "hashes": [
                "sha256:48a06980661908efe8d9d34eab2b6c13aefa2163b3ced26972902e3bdfd87008"
            ],
            "version": "==1.2.0"
        },
        "uritools": {
            "hashes": [
                "sha256:420d94c1ff4bf90c678fca9c17b8314243bbcaa992c400a95e327f7f622e1edf",
                "sha256:9a5a1495c55072093216f79931ca45fd81b59208aa64caae50ab68333514f97e"
            ],
            "markers": "python_version ~= '3.7'",
            "version": "==4.0.0"
        },
        "urlextract": {
            "hashes": [
                "sha256:40a5c843d1d7253758f56f0d6748c5ea27a4a14565e3a92f25a916ddc4c1e41f",
                "sha256:612e85fb3fe11a946c649adc3cdda47296054ccec23cc381d4802605451f2f28"
            ],
            "index": "pypi",
            "version": "==1.5.0"
        },
        "urllib3": {
            "hashes": [
                "sha256:47cc05d99aaa09c9e72ed5809b60e7ba354e64b59c9c173ac3018642d8bb41fc",
                "sha256:c083dd0dce68dbfbe1129d5271cb90f9447dea7d52097c6e0126120c521ddea8"
            ],
            "markers": "python_version >= '2.7' and python_version not in '3.0, 3.1, 3.2, 3.3, 3.4, 3.5'",
            "version": "==1.26.13"
        }
    },
    "develop": {
        "black": {
            "hashes": [
                "sha256:06f9d8846f2340dfac80ceb20200ea5d1b3f181dd0556b47af4e8e0b24fa0a6b",
                "sha256:10dbe6e6d2988049b4655b2b739f98785a884d4d6b85bc35133a8fb9a2233176",
                "sha256:2497f9c2386572e28921fa8bec7be3e51de6801f7459dffd6e62492531c47e09",
                "sha256:30d78ba6bf080eeaf0b7b875d924b15cd46fec5fd044ddfbad38c8ea9171043a",
                "sha256:328efc0cc70ccb23429d6be184a15ce613f676bdfc85e5fe8ea2a9354b4e9015",
                "sha256:35020b8886c022ced9282b51b5a875b6d1ab0c387b31a065b84db7c33085ca79",
                "sha256:5795a0375eb87bfe902e80e0c8cfaedf8af4d49694d69161e5bd3206c18618bb",
                "sha256:5891ef8abc06576985de8fa88e95ab70641de6c1fca97e2a15820a9b69e51b20",
                "sha256:637a4014c63fbf42a692d22b55d8ad6968a946b4a6ebc385c5505d9625b6a464",
                "sha256:67c8301ec94e3bcc8906740fe071391bce40a862b7be0b86fb5382beefecd968",
                "sha256:6d2fc92002d44746d3e7db7cf9313cf4452f43e9ea77a2c939defce3b10b5c82",
                "sha256:6ee227b696ca60dd1c507be80a6bc849a5a6ab57ac7352aad1ffec9e8b805f21",
                "sha256:863714200ada56cbc366dc9ae5291ceb936573155f8bf8e9de92aef51f3ad0f0",
                "sha256:9b542ced1ec0ceeff5b37d69838106a6348e60db7b8fdd245294dc1d26136265",
                "sha256:a6342964b43a99dbc72f72812bf88cad8f0217ae9acb47c0d4f141a6416d2d7b",
                "sha256:ad4efa5fad66b903b4a5f96d91461d90b9507a812b3c5de657d544215bb7877a",
                "sha256:bc58025940a896d7e5356952228b68f793cf5fcb342be703c3a2669a1488cb72",
                "sha256:cc1e1de68c8e5444e8f94c3670bb48a2beef0e91dddfd4fcc29595ebd90bb9ce",
                "sha256:cee3e11161dde1b2a33a904b850b0899e0424cc331b7295f2a9698e79f9a69a0",
                "sha256:e3556168e2e5c49629f7b0f377070240bd5511e45e25a4497bb0073d9dda776a",
                "sha256:e8477ec6bbfe0312c128e74644ac8a02ca06bcdb8982d4ee06f209be28cdf163",
                "sha256:ee8f1f7228cce7dffc2b464f07ce769f478968bfb3dd1254a4c2eeed84928aad",
                "sha256:fd57160949179ec517d32ac2ac898b5f20d68ed1a9c977346efbac9c2f1e779d"
            ],
            "index": "pypi",
            "version": "==22.3.0"
        },
        "click": {
            "hashes": [
                "sha256:7682dc8afb30297001674575ea00d1814d808d6a36af415a82bd481d37ba7b8e",
                "sha256:bb4d8133cb15a609f44e8213d9b391b0809795062913b383c62be0ee95b1db48"
            ],
            "markers": "python_version >= '3.7'",
            "version": "==8.1.3"
        },
        "flake8": {
            "hashes": [
                "sha256:479b1304f72536a55948cb40a32dce8bb0ffe3501e26eaf292c7e60eb5e0428d",
                "sha256:806e034dda44114815e23c16ef92f95c91e4c71100ff52813adf7132a6ad870d"
            ],
            "index": "pypi",
            "version": "==4.0.1"
        },
        "mccabe": {
            "hashes": [
                "sha256:ab8a6258860da4b6677da4bd2fe5dc2c659cff31b3ee4f7f5d64e79735b80d42",
                "sha256:dd8d182285a0fe56bace7f45b5e7d1a6ebcbf524e8f3bd87eb0f125271b8831f"
            ],
            "version": "==0.6.1"
        },
        "mypy-extensions": {
            "hashes": [
                "sha256:090fedd75945a69ae91ce1303b5824f428daf5a028d2f6ab8a299250a846f15d",
                "sha256:2d82818f5bb3e369420cb3c4060a7970edba416647068eb4c5343488a6c604a8"
            ],
            "version": "==0.4.3"
        },
        "pathspec": {
            "hashes": [
                "sha256:88c2606f2c1e818b978540f73ecc908e13999c6c3a383daf3705652ae79807a5",
                "sha256:8f6bf73e5758fd365ef5d58ce09ac7c27d2833a8d7da51712eac6e27e35141b0"
            ],
            "markers": "python_version >= '3.7'",
            "version": "==0.10.2"
        },
        "platformdirs": {
            "hashes": [
                "sha256:1a89a12377800c81983db6be069ec068eee989748799b946cce2a6e80dcc54ca",
                "sha256:b46ffafa316e6b83b47489d240ce17173f123a9b9c83282141c3daf26ad9ac2e"
            ],
            "markers": "python_version >= '3.7'",
            "version": "==2.6.0"
        },
        "pycodestyle": {
            "hashes": [
                "sha256:720f8b39dde8b293825e7ff02c475f3077124006db4f440dcbc9a20b76548a20",
                "sha256:eddd5847ef438ea1c7870ca7eb78a9d47ce0cdb4851a5523949f2601d0cbbe7f"
            ],
            "markers": "python_version >= '2.7' and python_version not in '3.0, 3.1, 3.2, 3.3, 3.4'",
            "version": "==2.8.0"
        },
        "pyflakes": {
            "hashes": [
                "sha256:05a85c2872edf37a4ed30b0cce2f6093e1d0581f8c19d7393122da7e25b2b24c",
                "sha256:3bb3a3f256f4b7968c9c788781e4ff07dce46bdf12339dcda61053375426ee2e"
            ],
            "markers": "python_version >= '2.7' and python_version not in '3.0, 3.1, 3.2, 3.3'",
            "version": "==2.4.0"
        },
        "tomli": {
            "hashes": [
                "sha256:939de3e7a6161af0c887ef91b7d41a53e7c5a1ca976325f429cb46ea9bc30ecc",
                "sha256:de526c12914f0c550d15924c62d72abc48d6fe7364aa87328337a31007fe8a4f"
            ],
            "markers": "python_version < '3.11'",
            "version": "==2.0.1"
        },
        "typing-extensions": {
            "hashes": [
                "sha256:1511434bb92bf8dd198c12b1cc812e800d4181cfcb867674e0f8279cc93087aa",
                "sha256:16fa4864408f655d35ec496218b85f79b3437c829e93320c7c9215ccfd92489e"
            ],
            "markers": "python_version < '3.10'",
            "version": "==4.4.0"
        }
    }
}
